
Microsoft Visual Studio Solution File, Format Version 12.00
# Visual Studio Version 16
VisualStudioVersion = 16.6.30114.105
MinimumVisualStudioVersion = 10.0.40219.1
Project("{2150E333-8FDC-42A3-9474-1A3956D46DE8}") = "Services", "Services", "{4EA998B0-47BC-429F-A5F5-F386F06F361A}"
EndProject
Project("{2150E333-8FDC-42A3-9474-1A3956D46DE8}") = "Catalog", "Catalog", "{761BB491-7FF7-4AD1-ACD1-6FD52A6AD5B9}"
EndProject
Project("{FAE04EC0-301F-11D3-BF4B-00C04F79EFBC}") = "Catalog.API", "Services\Catalog\Catalog.API\Catalog.API.csproj", "{2ECB9CEB-FBA3-4ADC-A0DA-3BC2E0289DCF}"
EndProject
Project("{2150E333-8FDC-42A3-9474-1A3956D46DE8}") = "Basket", "Basket", "{B5710721-C007-4CDB-90FF-377D542B54C9}"
EndProject
Project("{FAE04EC0-301F-11D3-BF4B-00C04F79EFBC}") = "Basket.API", "Services\Basket\Basket.API\Basket.API.csproj", "{C339E9F4-E643-4109-AB8D-53A983240FFA}"
EndProject
Project("{2150E333-8FDC-42A3-9474-1A3956D46DE8}") = "Discount", "Discount", "{D13DBE3F-932D-4F3D-A7B6-9B73607CFB24}"
EndProject
Project("{FAE04EC0-301F-11D3-BF4B-00C04F79EFBC}") = "Basket.API", "Services\Discount\Discount.API\Basket.API.csproj", "{5B61621C-06F0-42EF-B3E3-D413FC787F3C}"
EndProject
Project("{FAE04EC0-301F-11D3-BF4B-00C04F79EFBC}") = "Discount.API", "Services\Discount\Discount.API\Discount.API.csproj", "{1C6977F5-1A51-49BE-ADFA-454FAA02C779}"
EndProject
Global
	GlobalSection(SolutionConfigurationPlatforms) = preSolution
		Debug|Any CPU = Debug|Any CPU
		Debug|x64 = Debug|x64
		Debug|x86 = Debug|x86
		Release|Any CPU = Release|Any CPU
		Release|x64 = Release|x64
		Release|x86 = Release|x86
	EndGlobalSection
	GlobalSection(SolutionProperties) = preSolution
		HideSolutionNode = FALSE
	EndGlobalSection
	GlobalSection(ProjectConfigurationPlatforms) = postSolution
		{2ECB9CEB-FBA3-4ADC-A0DA-3BC2E0289DCF}.Debug|Any CPU.ActiveCfg = Debug|Any CPU
		{2ECB9CEB-FBA3-4ADC-A0DA-3BC2E0289DCF}.Debug|Any CPU.Build.0 = Debug|Any CPU
		{2ECB9CEB-FBA3-4ADC-A0DA-3BC2E0289DCF}.Debug|x64.ActiveCfg = Debug|Any CPU
		{2ECB9CEB-FBA3-4ADC-A0DA-3BC2E0289DCF}.Debug|x64.Build.0 = Debug|Any CPU
		{2ECB9CEB-FBA3-4ADC-A0DA-3BC2E0289DCF}.Debug|x86.ActiveCfg = Debug|Any CPU
		{2ECB9CEB-FBA3-4ADC-A0DA-3BC2E0289DCF}.Debug|x86.Build.0 = Debug|Any CPU
		{2ECB9CEB-FBA3-4ADC-A0DA-3BC2E0289DCF}.Release|Any CPU.ActiveCfg = Release|Any CPU
		{2ECB9CEB-FBA3-4ADC-A0DA-3BC2E0289DCF}.Release|Any CPU.Build.0 = Release|Any CPU
		{2ECB9CEB-FBA3-4ADC-A0DA-3BC2E0289DCF}.Release|x64.ActiveCfg = Release|Any CPU
		{2ECB9CEB-FBA3-4ADC-A0DA-3BC2E0289DCF}.Release|x64.Build.0 = Release|Any CPU
		{2ECB9CEB-FBA3-4ADC-A0DA-3BC2E0289DCF}.Release|x86.ActiveCfg = Release|Any CPU
		{2ECB9CEB-FBA3-4ADC-A0DA-3BC2E0289DCF}.Release|x86.Build.0 = Release|Any CPU
		{C339E9F4-E643-4109-AB8D-53A983240FFA}.Debug|Any CPU.ActiveCfg = Debug|Any CPU
		{C339E9F4-E643-4109-AB8D-53A983240FFA}.Debug|Any CPU.Build.0 = Debug|Any CPU
		{C339E9F4-E643-4109-AB8D-53A983240FFA}.Debug|x64.ActiveCfg = Debug|Any CPU
		{C339E9F4-E643-4109-AB8D-53A983240FFA}.Debug|x64.Build.0 = Debug|Any CPU
		{C339E9F4-E643-4109-AB8D-53A983240FFA}.Debug|x86.ActiveCfg = Debug|Any CPU
		{C339E9F4-E643-4109-AB8D-53A983240FFA}.Debug|x86.Build.0 = Debug|Any CPU
		{C339E9F4-E643-4109-AB8D-53A983240FFA}.Release|Any CPU.ActiveCfg = Release|Any CPU
		{C339E9F4-E643-4109-AB8D-53A983240FFA}.Release|Any CPU.Build.0 = Release|Any CPU
		{C339E9F4-E643-4109-AB8D-53A983240FFA}.Release|x64.ActiveCfg = Release|Any CPU
		{C339E9F4-E643-4109-AB8D-53A983240FFA}.Release|x64.Build.0 = Release|Any CPU
		{C339E9F4-E643-4109-AB8D-53A983240FFA}.Release|x86.ActiveCfg = Release|Any CPU
		{C339E9F4-E643-4109-AB8D-53A983240FFA}.Release|x86.Build.0 = Release|Any CPU
		{5B61621C-06F0-42EF-B3E3-D413FC787F3C}.Debug|Any CPU.ActiveCfg = Debug|Any CPU
		{5B61621C-06F0-42EF-B3E3-D413FC787F3C}.Debug|Any CPU.Build.0 = Debug|Any CPU
		{5B61621C-06F0-42EF-B3E3-D413FC787F3C}.Debug|x64.ActiveCfg = Debug|Any CPU
		{5B61621C-06F0-42EF-B3E3-D413FC787F3C}.Debug|x64.Build.0 = Debug|Any CPU
		{5B61621C-06F0-42EF-B3E3-D413FC787F3C}.Debug|x86.ActiveCfg = Debug|Any CPU
		{5B61621C-06F0-42EF-B3E3-D413FC787F3C}.Debug|x86.Build.0 = Debug|Any CPU
		{5B61621C-06F0-42EF-B3E3-D413FC787F3C}.Release|Any CPU.ActiveCfg = Release|Any CPU
		{5B61621C-06F0-42EF-B3E3-D413FC787F3C}.Release|Any CPU.Build.0 = Release|Any CPU
		{5B61621C-06F0-42EF-B3E3-D413FC787F3C}.Release|x64.ActiveCfg = Release|Any CPU
		{5B61621C-06F0-42EF-B3E3-D413FC787F3C}.Release|x64.Build.0 = Release|Any CPU
		{5B61621C-06F0-42EF-B3E3-D413FC787F3C}.Release|x86.ActiveCfg = Release|Any CPU
		{5B61621C-06F0-42EF-B3E3-D413FC787F3C}.Release|x86.Build.0 = Release|Any CPU
		{1C6977F5-1A51-49BE-ADFA-454FAA02C779}.Debug|Any CPU.ActiveCfg = Debug|Any CPU
		{1C6977F5-1A51-49BE-ADFA-454FAA02C779}.Debug|Any CPU.Build.0 = Debug|Any CPU
		{1C6977F5-1A51-49BE-ADFA-454FAA02C779}.Debug|x64.ActiveCfg = Debug|Any CPU
		{1C6977F5-1A51-49BE-ADFA-454FAA02C779}.Debug|x64.Build.0 = Debug|Any CPU
		{1C6977F5-1A51-49BE-ADFA-454FAA02C779}.Debug|x86.ActiveCfg = Debug|Any CPU
		{1C6977F5-1A51-49BE-ADFA-454FAA02C779}.Debug|x86.Build.0 = Debug|Any CPU
		{1C6977F5-1A51-49BE-ADFA-454FAA02C779}.Release|Any CPU.ActiveCfg = Release|Any CPU
		{1C6977F5-1A51-49BE-ADFA-454FAA02C779}.Release|Any CPU.Build.0 = Release|Any CPU
		{1C6977F5-1A51-49BE-ADFA-454FAA02C779}.Release|x64.ActiveCfg = Release|Any CPU
		{1C6977F5-1A51-49BE-ADFA-454FAA02C779}.Release|x64.Build.0 = Release|Any CPU
		{1C6977F5-1A51-49BE-ADFA-454FAA02C779}.Release|x86.ActiveCfg = Release|Any CPU
		{1C6977F5-1A51-49BE-ADFA-454FAA02C779}.Release|x86.Build.0 = Release|Any CPU
	EndGlobalSection
	GlobalSection(NestedProjects) = preSolution
		{761BB491-7FF7-4AD1-ACD1-6FD52A6AD5B9} = {4EA998B0-47BC-429F-A5F5-F386F06F361A}
		{2ECB9CEB-FBA3-4ADC-A0DA-3BC2E0289DCF} = {761BB491-7FF7-4AD1-ACD1-6FD52A6AD5B9}
		{B5710721-C007-4CDB-90FF-377D542B54C9} = {4EA998B0-47BC-429F-A5F5-F386F06F361A}
		{C339E9F4-E643-4109-AB8D-53A983240FFA} = {B5710721-C007-4CDB-90FF-377D542B54C9}
		{D13DBE3F-932D-4F3D-A7B6-9B73607CFB24} = {4EA998B0-47BC-429F-A5F5-F386F06F361A}
		{5B61621C-06F0-42EF-B3E3-D413FC787F3C} = {D13DBE3F-932D-4F3D-A7B6-9B73607CFB24}
		{1C6977F5-1A51-49BE-ADFA-454FAA02C779} = {D13DBE3F-932D-4F3D-A7B6-9B73607CFB24}
	EndGlobalSection
EndGlobal
